
Microsoft Visual Studio Solution File, Format Version 12.00
Project("{FAE04EC0-301F-11D3-BF4B-00C04F79EFBC}") = "Async", "Async\Async.csproj", "{81B453DD-B708-4AD9-B4B3-C755ED420630}"
EndProject
Project("{FAE04EC0-301F-11D3-BF4B-00C04F79EFBC}") = "Runner", "Runner\Runner.csproj", "{78594CF9-C016-479C-9119-3FEFF8846E16}"
EndProject
Project("{FAE04EC0-301F-11D3-BF4B-00C04F79EFBC}") = "BadlyConcurrent", "BadlyConcurrent\BadlyConcurrent.csproj", "{ECF68D3E-E756-4209-A090-676B39DA089E}"
EndProject
Global
	GlobalSection(SolutionConfigurationPlatforms) = preSolution
		Debug|Any CPU = Debug|Any CPU
		Release|Any CPU = Release|Any CPU
	EndGlobalSection
	GlobalSection(ProjectConfigurationPlatforms) = postSolution
		{81B453DD-B708-4AD9-B4B3-C755ED420630}.Debug|Any CPU.ActiveCfg = Debug|Any CPU
		{81B453DD-B708-4AD9-B4B3-C755ED420630}.Debug|Any CPU.Build.0 = Debug|Any CPU
		{81B453DD-B708-4AD9-B4B3-C755ED420630}.Release|Any CPU.ActiveCfg = Release|Any CPU
		{81B453DD-B708-4AD9-B4B3-C755ED420630}.Release|Any CPU.Build.0 = Release|Any CPU
		{78594CF9-C016-479C-9119-3FEFF8846E16}.Debug|Any CPU.ActiveCfg = Debug|Any CPU
		{78594CF9-C016-479C-9119-3FEFF8846E16}.Debug|Any CPU.Build.0 = Debug|Any CPU
		{78594CF9-C016-479C-9119-3FEFF8846E16}.Release|Any CPU.ActiveCfg = Release|Any CPU
		{78594CF9-C016-479C-9119-3FEFF8846E16}.Release|Any CPU.Build.0 = Release|Any CPU
		{ECF68D3E-E756-4209-A090-676B39DA089E}.Debug|Any CPU.ActiveCfg = Debug|Any CPU
		{ECF68D3E-E756-4209-A090-676B39DA089E}.Debug|Any CPU.Build.0 = Debug|Any CPU
		{ECF68D3E-E756-4209-A090-676B39DA089E}.Release|Any CPU.ActiveCfg = Release|Any CPU
		{ECF68D3E-E756-4209-A090-676B39DA089E}.Release|Any CPU.Build.0 = Release|Any CPU
	EndGlobalSection
EndGlobal
